// !$*UTF8*$!
{
	archiveVersion = 1;
	classes = {
	};
	objectVersion = 46;
	objects = {

/* Begin PBXBuildFile section */
		24AD7FB106E245AE8A13072E /* libPods-Tests.a in Frameworks */ = {isa = PBXBuildFile; fileRef = E03DFA4A10D94C0B851F889F /* libPods-Tests.a */; };
		6003F58E195388D20070C39A /* Foundation.framework in Frameworks */ = {isa = PBXBuildFile; fileRef = 6003F58D195388D20070C39A /* Foundation.framework */; };
		6003F590195388D20070C39A /* CoreGraphics.framework in Frameworks */ = {isa = PBXBuildFile; fileRef = 6003F58F195388D20070C39A /* CoreGraphics.framework */; };
		6003F592195388D20070C39A /* UIKit.framework in Frameworks */ = {isa = PBXBuildFile; fileRef = 6003F591195388D20070C39A /* UIKit.framework */; };
		6003F598195388D20070C39A /* InfoPlist.strings in Resources */ = {isa = PBXBuildFile; fileRef = 6003F596195388D20070C39A /* InfoPlist.strings */; };
		6003F59A195388D20070C39A /* main.m in Sources */ = {isa = PBXBuildFile; fileRef = 6003F599195388D20070C39A /* main.m */; };
		6003F59E195388D20070C39A /* MTAppDelegate.m in Sources */ = {isa = PBXBuildFile; fileRef = 6003F59D195388D20070C39A /* MTAppDelegate.m */; };
		6003F5A1195388D20070C39A /* Main_iPhone.storyboard in Resources */ = {isa = PBXBuildFile; fileRef = 6003F59F195388D20070C39A /* Main_iPhone.storyboard */; };
		6003F5A4195388D20070C39A /* Main_iPad.storyboard in Resources */ = {isa = PBXBuildFile; fileRef = 6003F5A2195388D20070C39A /* Main_iPad.storyboard */; };
		6003F5A7195388D20070C39A /* MTViewController.m in Sources */ = {isa = PBXBuildFile; fileRef = 6003F5A6195388D20070C39A /* MTViewController.m */; };
		6003F5A9195388D20070C39A /* Images.xcassets in Resources */ = {isa = PBXBuildFile; fileRef = 6003F5A8195388D20070C39A /* Images.xcassets */; };
		6003F5B0195388D20070C39A /* XCTest.framework in Frameworks */ = {isa = PBXBuildFile; fileRef = 6003F5AF195388D20070C39A /* XCTest.framework */; };
		6003F5B1195388D20070C39A /* Foundation.framework in Frameworks */ = {isa = PBXBuildFile; fileRef = 6003F58D195388D20070C39A /* Foundation.framework */; };
		6003F5B2195388D20070C39A /* UIKit.framework in Frameworks */ = {isa = PBXBuildFile; fileRef = 6003F591195388D20070C39A /* UIKit.framework */; };
		6003F5BA195388D20070C39A /* InfoPlist.strings in Resources */ = {isa = PBXBuildFile; fileRef = 6003F5B8195388D20070C39A /* InfoPlist.strings */; };
		6003F5BC195388D20070C39A /* Tests.m in Sources */ = {isa = PBXBuildFile; fileRef = 6003F5BB195388D20070C39A /* Tests.m */; };
		D76EC30F19B704F40011419E /* attribution.txt in Resources */ = {isa = PBXBuildFile; fileRef = D76EC2E419B704F40011419E /* attribution.txt */; };
		D76EC31019B704F40011419E /* bg_sand.png in Resources */ = {isa = PBXBuildFile; fileRef = D76EC2E519B704F40011419E /* bg_sand.png */; };
		D76EC31119B704F40011419E /* button_back_textured_24.png in Resources */ = {isa = PBXBuildFile; fileRef = D76EC2E619B704F40011419E /* button_back_textured_24.png */; };
		D76EC31219B704F40011419E /* button_back_textured_30.png in Resources */ = {isa = PBXBuildFile; fileRef = D76EC2E719B704F40011419E /* button_back_textured_30.png */; };
		D76EC31319B704F40011419E /* button_textured_24.png in Resources */ = {isa = PBXBuildFile; fileRef = D76EC2E819B704F40011419E /* button_textured_24.png */; };
		D76EC31419B704F40011419E /* button_textured_30.png in Resources */ = {isa = PBXBuildFile; fileRef = D76EC2E919B704F40011419E /* button_textured_30.png */; };
		D76EC31519B704F40011419E /* Default-568@2x.png in Resources */ = {isa = PBXBuildFile; fileRef = D76EC2EA19B704F40011419E /* Default-568@2x.png */; };
		D76EC31619B704F40011419E /* down.png in Resources */ = {isa = PBXBuildFile; fileRef = D76EC2EB19B704F40011419E /* down.png */; };
		D76EC31719B704F40011419E /* down@2x.png in Resources */ = {isa = PBXBuildFile; fileRef = D76EC2EC19B704F40011419E /* down@2x.png */; };
		D76EC31819B704F40011419E /* navBarShadow.png in Resources */ = {isa = PBXBuildFile; fileRef = D76EC2ED19B704F40011419E /* navBarShadow.png */; };
		D76EC31919B704F40011419E /* navBarShadow@2x.png in Resources */ = {isa = PBXBuildFile; fileRef = D76EC2EE19B704F40011419E /* navBarShadow@2x.png */; };
		D76EC31A19B704F40011419E /* noSwitch.png in Resources */ = {isa = PBXBuildFile; fileRef = D76EC2EF19B704F40011419E /* noSwitch.png */; };
		D76EC31B19B704F40011419E /* noSwitch@2x.png in Resources */ = {isa = PBXBuildFile; fileRef = D76EC2F019B704F40011419E /* noSwitch@2x.png */; };
		D76EC31C19B704F40011419E /* segcontrol_sel-uns.png in Resources */ = {isa = PBXBuildFile; fileRef = D76EC2F119B704F40011419E /* segcontrol_sel-uns.png */; };
		D76EC31D19B704F40011419E /* segcontrol_sel.png in Resources */ = {isa = PBXBuildFile; fileRef = D76EC2F219B704F40011419E /* segcontrol_sel.png */; };
		D76EC31E19B704F40011419E /* segcontrol_uns-sel.png in Resources */ = {isa = PBXBuildFile; fileRef = D76EC2F319B704F40011419E /* segcontrol_uns-sel.png */; };
		D76EC31F19B704F40011419E /* segcontrol_uns-uns.png in Resources */ = {isa = PBXBuildFile; fileRef = D76EC2F419B704F40011419E /* segcontrol_uns-uns.png */; };
		D76EC32019B704F40011419E /* segcontrol_uns.png in Resources */ = {isa = PBXBuildFile; fileRef = D76EC2F519B704F40011419E /* segcontrol_uns.png */; };
		D76EC32119B704F40011419E /* slider_maximum.png in Resources */ = {isa = PBXBuildFile; fileRef = D76EC2F619B704F40011419E /* slider_maximum.png */; };
		D76EC32219B704F40011419E /* slider_minimum.png in Resources */ = {isa = PBXBuildFile; fileRef = D76EC2F719B704F40011419E /* slider_minimum.png */; };
		D76EC32319B704F40011419E /* surf1.png in Resources */ = {isa = PBXBuildFile; fileRef = D76EC2F819B704F40011419E /* surf1.png */; };
		D76EC32419B704F40011419E /* surf2.png in Resources */ = {isa = PBXBuildFile; fileRef = D76EC2F919B704F40011419E /* surf2.png */; };
		D76EC32519B704F40011419E /* surf3.png in Resources */ = {isa = PBXBuildFile; fileRef = D76EC2FA19B704F40011419E /* surf3.png */; };
		D76EC32619B704F40011419E /* surf_gradient_textured_32.png in Resources */ = {isa = PBXBuildFile; fileRef = D76EC2FB19B704F40011419E /* surf_gradient_textured_32.png */; };
		D76EC32719B704F40011419E /* surf_gradient_textured_44.png in Resources */ = {isa = PBXBuildFile; fileRef = D76EC2FC19B704F40011419E /* surf_gradient_textured_44.png */; };
		D76EC32819B704F40011419E /* tab_bg.png in Resources */ = {isa = PBXBuildFile; fileRef = D76EC2FD19B704F40011419E /* tab_bg.png */; };
		D76EC32919B704F40011419E /* tab_select.png in Resources */ = {isa = PBXBuildFile; fileRef = D76EC2FE19B704F40011419E /* tab_select.png */; };
		D76EC32A19B704F40011419E /* tab_select_indicator.png in Resources */ = {isa = PBXBuildFile; fileRef = D76EC2FF19B704F40011419E /* tab_select_indicator.png */; };
		D76EC32B19B704F40011419E /* table_cell_bottom.png in Resources */ = {isa = PBXBuildFile; fileRef = D76EC30019B704F40011419E /* table_cell_bottom.png */; };
		D76EC32C19B704F40011419E /* table_cell_bottom_sel.png in Resources */ = {isa = PBXBuildFile; fileRef = D76EC30119B704F40011419E /* table_cell_bottom_sel.png */; };
		D76EC32D19B704F50011419E /* table_cell_mid.png in Resources */ = {isa = PBXBuildFile; fileRef = D76EC30219B704F40011419E /* table_cell_mid.png */; };
		D76EC32E19B704F50011419E /* table_cell_mid_sel.png in Resources */ = {isa = PBXBuildFile; fileRef = D76EC30319B704F40011419E /* table_cell_mid_sel.png */; };
		D76EC32F19B704F50011419E /* table_cell_single.png in Resources */ = {isa = PBXBuildFile; fileRef = D76EC30419B704F40011419E /* table_cell_single.png */; };
		D76EC33019B704F50011419E /* table_cell_single_sel.png in Resources */ = {isa = PBXBuildFile; fileRef = D76EC30519B704F40011419E /* table_cell_single_sel.png */; };
		D76EC33119B704F50011419E /* table_cell_top.png in Resources */ = {isa = PBXBuildFile; fileRef = D76EC30619B704F40011419E /* table_cell_top.png */; };
		D76EC33219B704F50011419E /* table_cell_top_sel.png in Resources */ = {isa = PBXBuildFile; fileRef = D76EC30719B704F40011419E /* table_cell_top_sel.png */; };
		D76EC33319B704F50011419E /* text_field_teal.png in Resources */ = {isa = PBXBuildFile; fileRef = D76EC30819B704F40011419E /* text_field_teal.png */; };
		D76EC33419B704F50011419E /* thumb.png in Resources */ = {isa = PBXBuildFile; fileRef = D76EC30919B704F40011419E /* thumb.png */; };
		D76EC33519B704F50011419E /* title.png in Resources */ = {isa = PBXBuildFile; fileRef = D76EC30A19B704F40011419E /* title.png */; };
		D76EC33619B704F50011419E /* up.png in Resources */ = {isa = PBXBuildFile; fileRef = D76EC30B19B704F40011419E /* up.png */; };
		D76EC33719B704F50011419E /* up@2x.png in Resources */ = {isa = PBXBuildFile; fileRef = D76EC30C19B704F40011419E /* up@2x.png */; };
		D76EC33819B704F50011419E /* yesSwitch.png in Resources */ = {isa = PBXBuildFile; fileRef = D76EC30D19B704F40011419E /* yesSwitch.png */; };
		D76EC33919B704F50011419E /* yesSwitch@2x.png in Resources */ = {isa = PBXBuildFile; fileRef = D76EC30E19B704F40011419E /* yesSwitch@2x.png */; };
		E3A644C4E2C14DA6B7BB9B0B /* libPods-MTCustomAppearance.a in Frameworks */ = {isa = PBXBuildFile; fileRef = 98920A9E3F854F009A212FC4 /* libPods-MTCustomAppearance.a */; };
/* End PBXBuildFile section */

/* Begin PBXContainerItemProxy section */
		6003F5B3195388D20070C39A /* PBXContainerItemProxy */ = {
			isa = PBXContainerItemProxy;
			containerPortal = 6003F582195388D10070C39A /* Project object */;
			proxyType = 1;
			remoteGlobalIDString = 6003F589195388D20070C39A;
			remoteInfo = MTCustomAppearance;
		};
/* End PBXContainerItemProxy section */

/* Begin PBXFileReference section */
		061ABB58445E4BD797FEC223 /* MTCustomAppearance.podspec */ = {isa = PBXFileReference; includeInIndex = 1; lastKnownFileType = text; name = MTCustomAppearance.podspec; path = ../MTCustomAppearance.podspec; sourceTree = "<group>"; };
		6003F58A195388D20070C39A /* MTCustomAppearance.app */ = {isa = PBXFileReference; explicitFileType = wrapper.application; includeInIndex = 0; path = MTCustomAppearance.app; sourceTree = BUILT_PRODUCTS_DIR; };
		6003F58D195388D20070C39A /* Foundation.framework */ = {isa = PBXFileReference; lastKnownFileType = wrapper.framework; name = Foundation.framework; path = System/Library/Frameworks/Foundation.framework; sourceTree = SDKROOT; };
		6003F58F195388D20070C39A /* CoreGraphics.framework */ = {isa = PBXFileReference; lastKnownFileType = wrapper.framework; name = CoreGraphics.framework; path = System/Library/Frameworks/CoreGraphics.framework; sourceTree = SDKROOT; };
		6003F591195388D20070C39A /* UIKit.framework */ = {isa = PBXFileReference; lastKnownFileType = wrapper.framework; name = UIKit.framework; path = System/Library/Frameworks/UIKit.framework; sourceTree = SDKROOT; };
		6003F595195388D20070C39A /* MTCustomAppearance-Info.plist */ = {isa = PBXFileReference; lastKnownFileType = text.plist.xml; path = "MTCustomAppearance-Info.plist"; sourceTree = "<group>"; };
		6003F597195388D20070C39A /* en */ = {isa = PBXFileReference; lastKnownFileType = text.plist.strings; name = en; path = en.lproj/InfoPlist.strings; sourceTree = "<group>"; };
		6003F599195388D20070C39A /* main.m */ = {isa = PBXFileReference; lastKnownFileType = sourcecode.c.objc; path = main.m; sourceTree = "<group>"; };
		6003F59B195388D20070C39A /* MTCustomAppearance-Prefix.pch */ = {isa = PBXFileReference; lastKnownFileType = sourcecode.c.h; path = "MTCustomAppearance-Prefix.pch"; sourceTree = "<group>"; };
		6003F59C195388D20070C39A /* MTAppDelegate.h */ = {isa = PBXFileReference; lastKnownFileType = sourcecode.c.h; path = MTAppDelegate.h; sourceTree = "<group>"; };
		6003F59D195388D20070C39A /* MTAppDelegate.m */ = {isa = PBXFileReference; lastKnownFileType = sourcecode.c.objc; path = MTAppDelegate.m; sourceTree = "<group>"; };
		6003F5A0195388D20070C39A /* Base */ = {isa = PBXFileReference; lastKnownFileType = file.storyboard; name = Base; path = Base.lproj/Main_iPhone.storyboard; sourceTree = "<group>"; };
		6003F5A3195388D20070C39A /* Base */ = {isa = PBXFileReference; lastKnownFileType = file.storyboard; name = Base; path = Base.lproj/Main_iPad.storyboard; sourceTree = "<group>"; };
		6003F5A5195388D20070C39A /* MTViewController.h */ = {isa = PBXFileReference; lastKnownFileType = sourcecode.c.h; path = MTViewController.h; sourceTree = "<group>"; };
		6003F5A6195388D20070C39A /* MTViewController.m */ = {isa = PBXFileReference; lastKnownFileType = sourcecode.c.objc; path = MTViewController.m; sourceTree = "<group>"; };
		6003F5A8195388D20070C39A /* Images.xcassets */ = {isa = PBXFileReference; lastKnownFileType = folder.assetcatalog; path = Images.xcassets; sourceTree = "<group>"; };
		6003F5AE195388D20070C39A /* Tests.xctest */ = {isa = PBXFileReference; explicitFileType = wrapper.cfbundle; includeInIndex = 0; path = Tests.xctest; sourceTree = BUILT_PRODUCTS_DIR; };
		6003F5AF195388D20070C39A /* XCTest.framework */ = {isa = PBXFileReference; lastKnownFileType = wrapper.framework; name = XCTest.framework; path = Library/Frameworks/XCTest.framework; sourceTree = DEVELOPER_DIR; };
		6003F5B7195388D20070C39A /* Tests-Info.plist */ = {isa = PBXFileReference; lastKnownFileType = text.plist.xml; path = "Tests-Info.plist"; sourceTree = "<group>"; };
		6003F5B9195388D20070C39A /* en */ = {isa = PBXFileReference; lastKnownFileType = text.plist.strings; name = en; path = en.lproj/InfoPlist.strings; sourceTree = "<group>"; };
		6003F5BB195388D20070C39A /* Tests.m */ = {isa = PBXFileReference; lastKnownFileType = sourcecode.c.objc; path = Tests.m; sourceTree = "<group>"; };
		606FC2411953D9B200FFA9A0 /* Tests-Prefix.pch */ = {isa = PBXFileReference; lastKnownFileType = sourcecode.c.h; path = "Tests-Prefix.pch"; sourceTree = "<group>"; };
		8AC0B22927144B63A8F3AE8E /* LICENSE */ = {isa = PBXFileReference; includeInIndex = 1; lastKnownFileType = text; name = LICENSE; path = ../LICENSE; sourceTree = "<group>"; };
		98920A9E3F854F009A212FC4 /* libPods-MTCustomAppearance.a */ = {isa = PBXFileReference; explicitFileType = archive.ar; includeInIndex = 0; path = "libPods-MTCustomAppearance.a"; sourceTree = BUILT_PRODUCTS_DIR; };
		D734A7126ED4437880438FCD /* Pods-Tests.xcconfig */ = {isa = PBXFileReference; includeInIndex = 1; lastKnownFileType = text.xcconfig; name = "Pods-Tests.xcconfig"; path = "Pods/Pods-Tests.xcconfig"; sourceTree = "<group>"; };
		D76EC2E419B704F40011419E /* attribution.txt */ = {isa = PBXFileReference; fileEncoding = 4; lastKnownFileType = text; path = attribution.txt; sourceTree = "<group>"; };
		D76EC2E519B704F40011419E /* bg_sand.png */ = {isa = PBXFileReference; lastKnownFileType = image.png; path = bg_sand.png; sourceTree = "<group>"; };
		D76EC2E619B704F40011419E /* button_back_textured_24.png */ = {isa = PBXFileReference; lastKnownFileType = image.png; path = button_back_textured_24.png; sourceTree = "<group>"; };
		D76EC2E719B704F40011419E /* button_back_textured_30.png */ = {isa = PBXFileReference; lastKnownFileType = image.png; path = button_back_textured_30.png; sourceTree = "<group>"; };
		D76EC2E819B704F40011419E /* button_textured_24.png */ = {isa = PBXFileReference; lastKnownFileType = image.png; path = button_textured_24.png; sourceTree = "<group>"; };
		D76EC2E919B704F40011419E /* button_textured_30.png */ = {isa = PBXFileReference; lastKnownFileType = image.png; path = button_textured_30.png; sourceTree = "<group>"; };
		D76EC2EA19B704F40011419E /* Default-568@2x.png */ = {isa = PBXFileReference; lastKnownFileType = image.png; path = "Default-568@2x.png"; sourceTree = "<group>"; };
		D76EC2EB19B704F40011419E /* down.png */ = {isa = PBXFileReference; lastKnownFileType = image.png; path = down.png; sourceTree = "<group>"; };
		D76EC2EC19B704F40011419E /* down@2x.png */ = {isa = PBXFileReference; lastKnownFileType = image.png; path = "down@2x.png"; sourceTree = "<group>"; };
		D76EC2ED19B704F40011419E /* navBarShadow.png */ = {isa = PBXFileReference; lastKnownFileType = image.png; path = navBarShadow.png; sourceTree = "<group>"; };
		D76EC2EE19B704F40011419E /* navBarShadow@2x.png */ = {isa = PBXFileReference; lastKnownFileType = image.png; path = "navBarShadow@2x.png"; sourceTree = "<group>"; };
		D76EC2EF19B704F40011419E /* noSwitch.png */ = {isa = PBXFileReference; lastKnownFileType = image.png; path = noSwitch.png; sourceTree = "<group>"; };
		D76EC2F019B704F40011419E /* noSwitch@2x.png */ = {isa = PBXFileReference; lastKnownFileType = image.png; path = "noSwitch@2x.png"; sourceTree = "<group>"; };
		D76EC2F119B704F40011419E /* segcontrol_sel-uns.png */ = {isa = PBXFileReference; lastKnownFileType = image.png; path = "segcontrol_sel-uns.png"; sourceTree = "<group>"; };
		D76EC2F219B704F40011419E /* segcontrol_sel.png */ = {isa = PBXFileReference; lastKnownFileType = image.png; path = segcontrol_sel.png; sourceTree = "<group>"; };
		D76EC2F319B704F40011419E /* segcontrol_uns-sel.png */ = {isa = PBXFileReference; lastKnownFileType = image.png; path = "segcontrol_uns-sel.png"; sourceTree = "<group>"; };
		D76EC2F419B704F40011419E /* segcontrol_uns-uns.png */ = {isa = PBXFileReference; lastKnownFileType = image.png; path = "segcontrol_uns-uns.png"; sourceTree = "<group>"; };
		D76EC2F519B704F40011419E /* segcontrol_uns.png */ = {isa = PBXFileReference; lastKnownFileType = image.png; path = segcontrol_uns.png; sourceTree = "<group>"; };
		D76EC2F619B704F40011419E /* slider_maximum.png */ = {isa = PBXFileReference; lastKnownFileType = image.png; path = slider_maximum.png; sourceTree = "<group>"; };
		D76EC2F719B704F40011419E /* slider_minimum.png */ = {isa = PBXFileReference; lastKnownFileType = image.png; path = slider_minimum.png; sourceTree = "<group>"; };
		D76EC2F819B704F40011419E /* surf1.png */ = {isa = PBXFileReference; lastKnownFileType = image.png; path = surf1.png; sourceTree = "<group>"; };
		D76EC2F919B704F40011419E /* surf2.png */ = {isa = PBXFileReference; lastKnownFileType = image.png; path = surf2.png; sourceTree = "<group>"; };
		D76EC2FA19B704F40011419E /* surf3.png */ = {isa = PBXFileReference; lastKnownFileType = image.png; path = surf3.png; sourceTree = "<group>"; };
		D76EC2FB19B704F40011419E /* surf_gradient_textured_32.png */ = {isa = PBXFileReference; lastKnownFileType = image.png; path = surf_gradient_textured_32.png; sourceTree = "<group>"; };
		D76EC2FC19B704F40011419E /* surf_gradient_textured_44.png */ = {isa = PBXFileReference; lastKnownFileType = image.png; path = surf_gradient_textured_44.png; sourceTree = "<group>"; };
		D76EC2FD19B704F40011419E /* tab_bg.png */ = {isa = PBXFileReference; lastKnownFileType = image.png; path = tab_bg.png; sourceTree = "<group>"; };
		D76EC2FE19B704F40011419E /* tab_select.png */ = {isa = PBXFileReference; lastKnownFileType = image.png; path = tab_select.png; sourceTree = "<group>"; };
		D76EC2FF19B704F40011419E /* tab_select_indicator.png */ = {isa = PBXFileReference; lastKnownFileType = image.png; path = tab_select_indicator.png; sourceTree = "<group>"; };
		D76EC30019B704F40011419E /* table_cell_bottom.png */ = {isa = PBXFileReference; lastKnownFileType = image.png; path = table_cell_bottom.png; sourceTree = "<group>"; };
		D76EC30119B704F40011419E /* table_cell_bottom_sel.png */ = {isa = PBXFileReference; lastKnownFileType = image.png; path = table_cell_bottom_sel.png; sourceTree = "<group>"; };
		D76EC30219B704F40011419E /* table_cell_mid.png */ = {isa = PBXFileReference; lastKnownFileType = image.png; path = table_cell_mid.png; sourceTree = "<group>"; };
		D76EC30319B704F40011419E /* table_cell_mid_sel.png */ = {isa = PBXFileReference; lastKnownFileType = image.png; path = table_cell_mid_sel.png; sourceTree = "<group>"; };
		D76EC30419B704F40011419E /* table_cell_single.png */ = {isa = PBXFileReference; lastKnownFileType = image.png; path = table_cell_single.png; sourceTree = "<group>"; };
		D76EC30519B704F40011419E /* table_cell_single_sel.png */ = {isa = PBXFileReference; lastKnownFileType = image.png; path = table_cell_single_sel.png; sourceTree = "<group>"; };
		D76EC30619B704F40011419E /* table_cell_top.png */ = {isa = PBXFileReference; lastKnownFileType = image.png; path = table_cell_top.png; sourceTree = "<group>"; };
		D76EC30719B704F40011419E /* table_cell_top_sel.png */ = {isa = PBXFileReference; lastKnownFileType = image.png; path = table_cell_top_sel.png; sourceTree = "<group>"; };
		D76EC30819B704F40011419E /* text_field_teal.png */ = {isa = PBXFileReference; lastKnownFileType = image.png; path = text_field_teal.png; sourceTree = "<group>"; };
		D76EC30919B704F40011419E /* thumb.png */ = {isa = PBXFileReference; lastKnownFileType = image.png; path = thumb.png; sourceTree = "<group>"; };
		D76EC30A19B704F40011419E /* title.png */ = {isa = PBXFileReference; lastKnownFileType = image.png; path = title.png; sourceTree = "<group>"; };
		D76EC30B19B704F40011419E /* up.png */ = {isa = PBXFileReference; lastKnownFileType = image.png; path = up.png; sourceTree = "<group>"; };
		D76EC30C19B704F40011419E /* up@2x.png */ = {isa = PBXFileReference; lastKnownFileType = image.png; path = "up@2x.png"; sourceTree = "<group>"; };
		D76EC30D19B704F40011419E /* yesSwitch.png */ = {isa = PBXFileReference; lastKnownFileType = image.png; path = yesSwitch.png; sourceTree = "<group>"; };
		D76EC30E19B704F40011419E /* yesSwitch@2x.png */ = {isa = PBXFileReference; lastKnownFileType = image.png; path = "yesSwitch@2x.png"; sourceTree = "<group>"; };
		E03DFA4A10D94C0B851F889F /* libPods-Tests.a */ = {isa = PBXFileReference; explicitFileType = archive.ar; includeInIndex = 0; path = "libPods-Tests.a"; sourceTree = BUILT_PRODUCTS_DIR; };
		E6B32E51BCE447AA87CD94CD /* Pods-MTCustomAppearance.xcconfig */ = {isa = PBXFileReference; includeInIndex = 1; lastKnownFileType = text.xcconfig; name = "Pods-MTCustomAppearance.xcconfig"; path = "Pods/Pods-MTCustomAppearance.xcconfig"; sourceTree = "<group>"; };
		F4F841FA86FF4B6D8E327DFF /* README.md */ = {isa = PBXFileReference; includeInIndex = 1; lastKnownFileType = text; name = README.md; path = ../README.md; sourceTree = "<group>"; };
/* End PBXFileReference section */

/* Begin PBXFrameworksBuildPhase section */
		6003F587195388D20070C39A /* Frameworks */ = {
			isa = PBXFrameworksBuildPhase;
			buildActionMask = 2147483647;
			files = (
				6003F590195388D20070C39A /* CoreGraphics.framework in Frameworks */,
				6003F592195388D20070C39A /* UIKit.framework in Frameworks */,
				6003F58E195388D20070C39A /* Foundation.framework in Frameworks */,
				E3A644C4E2C14DA6B7BB9B0B /* libPods-MTCustomAppearance.a in Frameworks */,
			);
			runOnlyForDeploymentPostprocessing = 0;
		};
		6003F5AB195388D20070C39A /* Frameworks */ = {
			isa = PBXFrameworksBuildPhase;
			buildActionMask = 2147483647;
			files = (
				6003F5B0195388D20070C39A /* XCTest.framework in Frameworks */,
				6003F5B2195388D20070C39A /* UIKit.framework in Frameworks */,
				6003F5B1195388D20070C39A /* Foundation.framework in Frameworks */,
				24AD7FB106E245AE8A13072E /* libPods-Tests.a in Frameworks */,
			);
			runOnlyForDeploymentPostprocessing = 0;
		};
/* End PBXFrameworksBuildPhase section */

/* Begin PBXGroup section */
		6003F581195388D10070C39A = {
			isa = PBXGroup;
			children = (
				60FF7A9C1954A5C5007DD14C /* Podspec Metadata */,
				6003F593195388D20070C39A /* MTCustomAppearance */,
				6003F5B5195388D20070C39A /* Tests */,
				6003F58C195388D20070C39A /* Frameworks */,
				6003F58B195388D20070C39A /* Products */,
				E6B32E51BCE447AA87CD94CD /* Pods-MTCustomAppearance.xcconfig */,
				D734A7126ED4437880438FCD /* Pods-Tests.xcconfig */,
			);
			sourceTree = "<group>";
		};
		6003F58B195388D20070C39A /* Products */ = {
			isa = PBXGroup;
			children = (
				6003F58A195388D20070C39A /* MTCustomAppearance.app */,
				6003F5AE195388D20070C39A /* Tests.xctest */,
			);
			name = Products;
			sourceTree = "<group>";
		};
		6003F58C195388D20070C39A /* Frameworks */ = {
			isa = PBXGroup;
			children = (
				6003F58D195388D20070C39A /* Foundation.framework */,
				6003F58F195388D20070C39A /* CoreGraphics.framework */,
				6003F591195388D20070C39A /* UIKit.framework */,
				6003F5AF195388D20070C39A /* XCTest.framework */,
				98920A9E3F854F009A212FC4 /* libPods-MTCustomAppearance.a */,
				E03DFA4A10D94C0B851F889F /* libPods-Tests.a */,
			);
			name = Frameworks;
			sourceTree = "<group>";
		};
		6003F593195388D20070C39A /* MTCustomAppearance */ = {
			isa = PBXGroup;
			children = (
				D76EC2E219B704E10011419E /* Themes */,
				6003F59C195388D20070C39A /* MTAppDelegate.h */,
				6003F59D195388D20070C39A /* MTAppDelegate.m */,
				6003F59F195388D20070C39A /* Main_iPhone.storyboard */,
				6003F5A2195388D20070C39A /* Main_iPad.storyboard */,
				6003F5A5195388D20070C39A /* MTViewController.h */,
				6003F5A6195388D20070C39A /* MTViewController.m */,
				6003F5A8195388D20070C39A /* Images.xcassets */,
				6003F594195388D20070C39A /* Supporting Files */,
			);
			path = MTCustomAppearance;
			sourceTree = "<group>";
		};
		6003F594195388D20070C39A /* Supporting Files */ = {
			isa = PBXGroup;
			children = (
				6003F595195388D20070C39A /* MTCustomAppearance-Info.plist */,
				6003F596195388D20070C39A /* InfoPlist.strings */,
				6003F599195388D20070C39A /* main.m */,
				6003F59B195388D20070C39A /* MTCustomAppearance-Prefix.pch */,
			);
			name = "Supporting Files";
			sourceTree = "<group>";
		};
		6003F5B5195388D20070C39A /* Tests */ = {
			isa = PBXGroup;
			children = (
				6003F5BB195388D20070C39A /* Tests.m */,
				6003F5B6195388D20070C39A /* Supporting Files */,
			);
			path = Tests;
			sourceTree = "<group>";
		};
		6003F5B6195388D20070C39A /* Supporting Files */ = {
			isa = PBXGroup;
			children = (
				6003F5B7195388D20070C39A /* Tests-Info.plist */,
				6003F5B8195388D20070C39A /* InfoPlist.strings */,
				606FC2411953D9B200FFA9A0 /* Tests-Prefix.pch */,
			);
			name = "Supporting Files";
			sourceTree = "<group>";
		};
		60FF7A9C1954A5C5007DD14C /* Podspec Metadata */ = {
			isa = PBXGroup;
			children = (
				061ABB58445E4BD797FEC223 /* MTCustomAppearance.podspec */,
				F4F841FA86FF4B6D8E327DFF /* README.md */,
				8AC0B22927144B63A8F3AE8E /* LICENSE */,
			);
			name = "Podspec Metadata";
			sourceTree = "<group>";
		};
		D76EC2E219B704E10011419E /* Themes */ = {
			isa = PBXGroup;
			children = (
				D76EC2E319B704F40011419E /* surfBoard */,
			);
			name = Themes;
			sourceTree = "<group>";
		};
		D76EC2E319B704F40011419E /* surfBoard */ = {
			isa = PBXGroup;
			children = (
				D76EC2E419B704F40011419E /* attribution.txt */,
				D76EC2E519B704F40011419E /* bg_sand.png */,
				D76EC2E619B704F40011419E /* button_back_textured_24.png */,
				D76EC2E719B704F40011419E /* button_back_textured_30.png */,
				D76EC2E819B704F40011419E /* button_textured_24.png */,
				D76EC2E919B704F40011419E /* button_textured_30.png */,
				D76EC2EA19B704F40011419E /* Default-568@2x.png */,
				D76EC2EB19B704F40011419E /* down.png */,
				D76EC2EC19B704F40011419E /* down@2x.png */,
				D76EC2ED19B704F40011419E /* navBarShadow.png */,
				D76EC2EE19B704F40011419E /* navBarShadow@2x.png */,
				D76EC2EF19B704F40011419E /* noSwitch.png */,
				D76EC2F019B704F40011419E /* noSwitch@2x.png */,
				D76EC2F119B704F40011419E /* segcontrol_sel-uns.png */,
				D76EC2F219B704F40011419E /* segcontrol_sel.png */,
				D76EC2F319B704F40011419E /* segcontrol_uns-sel.png */,
				D76EC2F419B704F40011419E /* segcontrol_uns-uns.png */,
				D76EC2F519B704F40011419E /* segcontrol_uns.png */,
				D76EC2F619B704F40011419E /* slider_maximum.png */,
				D76EC2F719B704F40011419E /* slider_minimum.png */,
				D76EC2F819B704F40011419E /* surf1.png */,
				D76EC2F919B704F40011419E /* surf2.png */,
				D76EC2FA19B704F40011419E /* surf3.png */,
				D76EC2FB19B704F40011419E /* surf_gradient_textured_32.png */,
				D76EC2FC19B704F40011419E /* surf_gradient_textured_44.png */,
				D76EC2FD19B704F40011419E /* tab_bg.png */,
				D76EC2FE19B704F40011419E /* tab_select.png */,
				D76EC2FF19B704F40011419E /* tab_select_indicator.png */,
				D76EC30019B704F40011419E /* table_cell_bottom.png */,
				D76EC30119B704F40011419E /* table_cell_bottom_sel.png */,
				D76EC30219B704F40011419E /* table_cell_mid.png */,
				D76EC30319B704F40011419E /* table_cell_mid_sel.png */,
				D76EC30419B704F40011419E /* table_cell_single.png */,
				D76EC30519B704F40011419E /* table_cell_single_sel.png */,
				D76EC30619B704F40011419E /* table_cell_top.png */,
				D76EC30719B704F40011419E /* table_cell_top_sel.png */,
				D76EC30819B704F40011419E /* text_field_teal.png */,
				D76EC30919B704F40011419E /* thumb.png */,
				D76EC30A19B704F40011419E /* title.png */,
				D76EC30B19B704F40011419E /* up.png */,
				D76EC30C19B704F40011419E /* up@2x.png */,
				D76EC30D19B704F40011419E /* yesSwitch.png */,
				D76EC30E19B704F40011419E /* yesSwitch@2x.png */,
			);
			name = surfBoard;
			path = UIThemes/surfBoard;
			sourceTree = "<group>";
		};
/* End PBXGroup section */

/* Begin PBXNativeTarget section */
		6003F589195388D20070C39A /* MTCustomAppearance */ = {
			isa = PBXNativeTarget;
			buildConfigurationList = 6003F5BF195388D20070C39A /* Build configuration list for PBXNativeTarget "MTCustomAppearance" */;
			buildPhases = (
				72091BF59B854890BAC00D3F /* Check Pods Manifest.lock */,
				6003F586195388D20070C39A /* Sources */,
				6003F587195388D20070C39A /* Frameworks */,
				6003F588195388D20070C39A /* Resources */,
				6CC2D8C62B2E4B299286C6B6 /* Copy Pods Resources */,
			);
			buildRules = (
			);
			dependencies = (
			);
			name = MTCustomAppearance;
			productName = MTCustomAppearance;
			productReference = 6003F58A195388D20070C39A /* MTCustomAppearance.app */;
			productType = "com.apple.product-type.application";
		};
		6003F5AD195388D20070C39A /* Tests */ = {
			isa = PBXNativeTarget;
			buildConfigurationList = 6003F5C2195388D20070C39A /* Build configuration list for PBXNativeTarget "Tests" */;
			buildPhases = (
				2ADB5FD23EAD4D3D824FE845 /* Check Pods Manifest.lock */,
				6003F5AA195388D20070C39A /* Sources */,
				6003F5AB195388D20070C39A /* Frameworks */,
				6003F5AC195388D20070C39A /* Resources */,
				797407AD72584A5C955A7F65 /* Copy Pods Resources */,
			);
			buildRules = (
			);
			dependencies = (
				6003F5B4195388D20070C39A /* PBXTargetDependency */,
			);
			name = Tests;
			productName = MTCustomAppearanceTests;
			productReference = 6003F5AE195388D20070C39A /* Tests.xctest */;
			productType = "com.apple.product-type.bundle.unit-test";
		};
/* End PBXNativeTarget section */

/* Begin PBXProject section */
		6003F582195388D10070C39A /* Project object */ = {
			isa = PBXProject;
			attributes = {
				CLASSPREFIX = MT;
				LastUpgradeCheck = 0510;
				ORGANIZATIONNAME = "Alok Choudhary";
				TargetAttributes = {
					6003F5AD195388D20070C39A = {
						TestTargetID = 6003F589195388D20070C39A;
					};
				};
			};
			buildConfigurationList = 6003F585195388D10070C39A /* Build configuration list for PBXProject "MTCustomAppearance" */;
			compatibilityVersion = "Xcode 3.2";
			developmentRegion = English;
			hasScannedForEncodings = 0;
			knownRegions = (
				en,
				Base,
			);
			mainGroup = 6003F581195388D10070C39A;
			productRefGroup = 6003F58B195388D20070C39A /* Products */;
			projectDirPath = "";
			projectRoot = "";
			targets = (
				6003F589195388D20070C39A /* MTCustomAppearance */,
				6003F5AD195388D20070C39A /* Tests */,
			);
		};
/* End PBXProject section */

/* Begin PBXResourcesBuildPhase section */
		6003F588195388D20070C39A /* Resources */ = {
			isa = PBXResourcesBuildPhase;
			buildActionMask = 2147483647;
			files = (
				D76EC33319B704F50011419E /* text_field_teal.png in Resources */,
				D76EC32919B704F40011419E /* tab_select.png in Resources */,
				D76EC31219B704F40011419E /* button_back_textured_30.png in Resources */,
				D76EC32319B704F40011419E /* surf1.png in Resources */,
				D76EC31119B704F40011419E /* button_back_textured_24.png in Resources */,
				6003F5A4195388D20070C39A /* Main_iPad.storyboard in Resources */,
				D76EC31419B704F40011419E /* button_textured_30.png in Resources */,
				D76EC32619B704F40011419E /* surf_gradient_textured_32.png in Resources */,
				6003F5A9195388D20070C39A /* Images.xcassets in Resources */,
				D76EC31019B704F40011419E /* bg_sand.png in Resources */,
				D76EC33119B704F50011419E /* table_cell_top.png in Resources */,
				6003F5A1195388D20070C39A /* Main_iPhone.storyboard in Resources */,
				D76EC31819B704F40011419E /* navBarShadow.png in Resources */,
				D76EC33019B704F50011419E /* table_cell_single_sel.png in Resources */,
				D76EC32819B704F40011419E /* tab_bg.png in Resources */,
				D76EC32E19B704F50011419E /* table_cell_mid_sel.png in Resources */,
				D76EC31B19B704F40011419E /* noSwitch@2x.png in Resources */,
				D76EC32719B704F40011419E /* surf_gradient_textured_44.png in Resources */,
				D76EC33619B704F50011419E /* up.png in Resources */,
				D76EC31F19B704F40011419E /* segcontrol_uns-uns.png in Resources */,
				D76EC32119B704F40011419E /* slider_maximum.png in Resources */,
				D76EC33419B704F50011419E /* thumb.png in Resources */,
				D76EC32419B704F40011419E /* surf2.png in Resources */,
				D76EC32219B704F40011419E /* slider_minimum.png in Resources */,
				D76EC32F19B704F50011419E /* table_cell_single.png in Resources */,
				6003F598195388D20070C39A /* InfoPlist.strings in Resources */,
				D76EC32D19B704F50011419E /* table_cell_mid.png in Resources */,
				D76EC31919B704F40011419E /* navBarShadow@2x.png in Resources */,
				D76EC32B19B704F40011419E /* table_cell_bottom.png in Resources */,
				D76EC30F19B704F40011419E /* attribution.txt in Resources */,
				D76EC31D19B704F40011419E /* segcontrol_sel.png in Resources */,
				D76EC33819B704F50011419E /* yesSwitch.png in Resources */,
				D76EC31719B704F40011419E /* down@2x.png in Resources */,
				D76EC33219B704F50011419E /* table_cell_top_sel.png in Resources */,
				D76EC33719B704F50011419E /* up@2x.png in Resources */,
				D76EC32519B704F40011419E /* surf3.png in Resources */,
				D76EC31519B704F40011419E /* Default-568@2x.png in Resources */,
				D76EC32C19B704F40011419E /* table_cell_bottom_sel.png in Resources */,
				D76EC31E19B704F40011419E /* segcontrol_uns-sel.png in Resources */,
				D76EC31319B704F40011419E /* button_textured_24.png in Resources */,
				D76EC33919B704F50011419E /* yesSwitch@2x.png in Resources */,
				D76EC31A19B704F40011419E /* noSwitch.png in Resources */,
				D76EC31619B704F40011419E /* down.png in Resources */,
				D76EC32A19B704F40011419E /* tab_select_indicator.png in Resources */,
				D76EC32019B704F40011419E /* segcontrol_uns.png in Resources */,
				D76EC33519B704F50011419E /* title.png in Resources */,
				D76EC31C19B704F40011419E /* segcontrol_sel-uns.png in Resources */,
			);
			runOnlyForDeploymentPostprocessing = 0;
		};
		6003F5AC195388D20070C39A /* Resources */ = {
			isa = PBXResourcesBuildPhase;
			buildActionMask = 2147483647;
			files = (
				6003F5BA195388D20070C39A /* InfoPlist.strings in Resources */,
			);
			runOnlyForDeploymentPostprocessing = 0;
		};
/* End PBXResourcesBuildPhase section */

/* Begin PBXShellScriptBuildPhase section */
		2ADB5FD23EAD4D3D824FE845 /* Check Pods Manifest.lock */ = {
			isa = PBXShellScriptBuildPhase;
			buildActionMask = 2147483647;
			files = (
			);
			inputPaths = (
			);
			name = "Check Pods Manifest.lock";
			outputPaths = (
			);
			runOnlyForDeploymentPostprocessing = 0;
			shellPath = /bin/sh;
			shellScript = "diff \"${PODS_ROOT}/../Podfile.lock\" \"${PODS_ROOT}/Manifest.lock\" > /dev/null\nif [[ $? != 0 ]] ; then\n    cat << EOM\nerror: The sandbox is not in sync with the Podfile.lock. Run 'pod install' or update your CocoaPods installation.\nEOM\n    exit 1\nfi\n";
			showEnvVarsInLog = 0;
		};
		6CC2D8C62B2E4B299286C6B6 /* Copy Pods Resources */ = {
			isa = PBXShellScriptBuildPhase;
			buildActionMask = 2147483647;
			files = (
			);
			inputPaths = (
			);
			name = "Copy Pods Resources";
			outputPaths = (
			);
			runOnlyForDeploymentPostprocessing = 0;
			shellPath = /bin/sh;
			shellScript = "\"${SRCROOT}/Pods/Pods-MTCustomAppearance-resources.sh\"\n";
			showEnvVarsInLog = 0;
		};
		72091BF59B854890BAC00D3F /* Check Pods Manifest.lock */ = {
			isa = PBXShellScriptBuildPhase;
			buildActionMask = 2147483647;
			files = (
			);
			inputPaths = (
			);
			name = "Check Pods Manifest.lock";
			outputPaths = (
			);
			runOnlyForDeploymentPostprocessing = 0;
			shellPath = /bin/sh;
			shellScript = "diff \"${PODS_ROOT}/../Podfile.lock\" \"${PODS_ROOT}/Manifest.lock\" > /dev/null\nif [[ $? != 0 ]] ; then\n    cat << EOM\nerror: The sandbox is not in sync with the Podfile.lock. Run 'pod install' or update your CocoaPods installation.\nEOM\n    exit 1\nfi\n";
			showEnvVarsInLog = 0;
		};
		797407AD72584A5C955A7F65 /* Copy Pods Resources */ = {
			isa = PBXShellScriptBuildPhase;
			buildActionMask = 2147483647;
			files = (
			);
			inputPaths = (
			);
			name = "Copy Pods Resources";
			outputPaths = (
			);
			runOnlyForDeploymentPostprocessing = 0;
			shellPath = /bin/sh;
			shellScript = "\"${SRCROOT}/Pods/Pods-Tests-resources.sh\"\n";
			showEnvVarsInLog = 0;
		};
/* End PBXShellScriptBuildPhase section */

/* Begin PBXSourcesBuildPhase section */
		6003F586195388D20070C39A /* Sources */ = {
			isa = PBXSourcesBuildPhase;
			buildActionMask = 2147483647;
			files = (
				6003F59E195388D20070C39A /* MTAppDelegate.m in Sources */,
				6003F5A7195388D20070C39A /* MTViewController.m in Sources */,
				6003F59A195388D20070C39A /* main.m in Sources */,
			);
			runOnlyForDeploymentPostprocessing = 0;
		};
		6003F5AA195388D20070C39A /* Sources */ = {
			isa = PBXSourcesBuildPhase;
			buildActionMask = 2147483647;
			files = (
				6003F5BC195388D20070C39A /* Tests.m in Sources */,
			);
			runOnlyForDeploymentPostprocessing = 0;
		};
/* End PBXSourcesBuildPhase section */

/* Begin PBXTargetDependency section */
		6003F5B4195388D20070C39A /* PBXTargetDependency */ = {
			isa = PBXTargetDependency;
			target = 6003F589195388D20070C39A /* MTCustomAppearance */;
			targetProxy = 6003F5B3195388D20070C39A /* PBXContainerItemProxy */;
		};
/* End PBXTargetDependency section */

/* Begin PBXVariantGroup section */
		6003F596195388D20070C39A /* InfoPlist.strings */ = {
			isa = PBXVariantGroup;
			children = (
				6003F597195388D20070C39A /* en */,
			);
			name = InfoPlist.strings;
			sourceTree = "<group>";
		};
		6003F59F195388D20070C39A /* Main_iPhone.storyboard */ = {
			isa = PBXVariantGroup;
			children = (
				6003F5A0195388D20070C39A /* Base */,
			);
			name = Main_iPhone.storyboard;
			sourceTree = "<group>";
		};
		6003F5A2195388D20070C39A /* Main_iPad.storyboard */ = {
			isa = PBXVariantGroup;
			children = (
				6003F5A3195388D20070C39A /* Base */,
			);
			name = Main_iPad.storyboard;
			sourceTree = "<group>";
		};
		6003F5B8195388D20070C39A /* InfoPlist.strings */ = {
			isa = PBXVariantGroup;
			children = (
				6003F5B9195388D20070C39A /* en */,
			);
			name = InfoPlist.strings;
			sourceTree = "<group>";
		};
/* End PBXVariantGroup section */

/* Begin XCBuildConfiguration section */
		6003F5BD195388D20070C39A /* Debug */ = {
			isa = XCBuildConfiguration;
			buildSettings = {
				ALWAYS_SEARCH_USER_PATHS = NO;
				CLANG_CXX_LANGUAGE_STANDARD = "gnu++0x";
				CLANG_CXX_LIBRARY = "libc++";
				CLANG_ENABLE_MODULES = YES;
				CLANG_ENABLE_OBJC_ARC = YES;
				CLANG_WARN_BOOL_CONVERSION = YES;
				CLANG_WARN_CONSTANT_CONVERSION = YES;
				CLANG_WARN_DIRECT_OBJC_ISA_USAGE = YES_ERROR;
				CLANG_WARN_EMPTY_BODY = YES;
				CLANG_WARN_ENUM_CONVERSION = YES;
				CLANG_WARN_INT_CONVERSION = YES;
				CLANG_WARN_OBJC_ROOT_CLASS = YES_ERROR;
				CLANG_WARN__DUPLICATE_METHOD_MATCH = YES;
				"CODE_SIGN_IDENTITY[sdk=iphoneos*]" = "iPhone Developer";
				COPY_PHASE_STRIP = NO;
				GCC_C_LANGUAGE_STANDARD = gnu99;
				GCC_DYNAMIC_NO_PIC = NO;
				GCC_OPTIMIZATION_LEVEL = 0;
				GCC_PREPROCESSOR_DEFINITIONS = (
					"DEBUG=1",
					"$(inherited)",
				);
				GCC_SYMBOLS_PRIVATE_EXTERN = NO;
				GCC_WARN_64_TO_32_BIT_CONVERSION = YES;
				GCC_WARN_ABOUT_RETURN_TYPE = YES_ERROR;
				GCC_WARN_UNDECLARED_SELECTOR = YES;
				GCC_WARN_UNINITIALIZED_AUTOS = YES_AGGRESSIVE;
				GCC_WARN_UNUSED_FUNCTION = YES;
				GCC_WARN_UNUSED_VARIABLE = YES;
				IPHONEOS_DEPLOYMENT_TARGET = 7.1;
				ONLY_ACTIVE_ARCH = YES;
				SDKROOT = iphoneos;
				TARGETED_DEVICE_FAMILY = "1,2";
			};
			name = Debug;
		};
		6003F5BE195388D20070C39A /* Release */ = {
			isa = XCBuildConfiguration;
			buildSettings = {
				ALWAYS_SEARCH_USER_PATHS = NO;
				CLANG_CXX_LANGUAGE_STANDARD = "gnu++0x";
				CLANG_CXX_LIBRARY = "libc++";
				CLANG_ENABLE_MODULES = YES;
				CLANG_ENABLE_OBJC_ARC = YES;
				CLANG_WARN_BOOL_CONVERSION = YES;
				CLANG_WARN_CONSTANT_CONVERSION = YES;
				CLANG_WARN_DIRECT_OBJC_ISA_USAGE = YES_ERROR;
				CLANG_WARN_EMPTY_BODY = YES;
				CLANG_WARN_ENUM_CONVERSION = YES;
				CLANG_WARN_INT_CONVERSION = YES;
				CLANG_WARN_OBJC_ROOT_CLASS = YES_ERROR;
				CLANG_WARN__DUPLICATE_METHOD_MATCH = YES;
				"CODE_SIGN_IDENTITY[sdk=iphoneos*]" = "iPhone Developer";
				COPY_PHASE_STRIP = YES;
				ENABLE_NS_ASSERTIONS = NO;
				GCC_C_LANGUAGE_STANDARD = gnu99;
				GCC_WARN_64_TO_32_BIT_CONVERSION = YES;
				GCC_WARN_ABOUT_RETURN_TYPE = YES_ERROR;
				GCC_WARN_UNDECLARED_SELECTOR = YES;
				GCC_WARN_UNINITIALIZED_AUTOS = YES_AGGRESSIVE;
				GCC_WARN_UNUSED_FUNCTION = YES;
				GCC_WARN_UNUSED_VARIABLE = YES;
				IPHONEOS_DEPLOYMENT_TARGET = 7.1;
				SDKROOT = iphoneos;
				TARGETED_DEVICE_FAMILY = "1,2";
				VALIDATE_PRODUCT = YES;
			};
			name = Release;
		};
		6003F5C0195388D20070C39A /* Debug */ = {
			isa = XCBuildConfiguration;
			baseConfigurationReference = E6B32E51BCE447AA87CD94CD /* Pods-MTCustomAppearance.xcconfig */;
			buildSettings = {
				ASSETCATALOG_COMPILER_APPICON_NAME = AppIcon;
				ASSETCATALOG_COMPILER_LAUNCHIMAGE_NAME = LaunchImage;
				GCC_PRECOMPILE_PREFIX_HEADER = YES;
				GCC_PREFIX_HEADER = "MTCustomAppearance/MTCustomAppearance-Prefix.pch";
				INFOPLIST_FILE = "MTCustomAppearance/MTCustomAppearance-Info.plist";
				PRODUCT_NAME = "$(TARGET_NAME)";
				WRAPPER_EXTENSION = app;
			};
			name = Debug;
		};
		6003F5C1195388D20070C39A /* Release */ = {
			isa = XCBuildConfiguration;
			baseConfigurationReference = E6B32E51BCE447AA87CD94CD /* Pods-MTCustomAppearance.xcconfig */;
			buildSettings = {
				ASSETCATALOG_COMPILER_APPICON_NAME = AppIcon;
				ASSETCATALOG_COMPILER_LAUNCHIMAGE_NAME = LaunchImage;
				GCC_PRECOMPILE_PREFIX_HEADER = YES;
				GCC_PREFIX_HEADER = "MTCustomAppearance/MTCustomAppearance-Prefix.pch";
				INFOPLIST_FILE = "MTCustomAppearance/MTCustomAppearance-Info.plist";
				PRODUCT_NAME = "$(TARGET_NAME)";
				WRAPPER_EXTENSION = app;
			};
			name = Release;
		};
		6003F5C3195388D20070C39A /* Debug */ = {
			isa = XCBuildConfiguration;
			baseConfigurationReference = D734A7126ED4437880438FCD /* Pods-Tests.xcconfig */;
			buildSettings = {
				BUNDLE_LOADER = "$(BUILT_PRODUCTS_DIR)/MTCustomAppearance.app/MTCustomAppearance";
				FRAMEWORK_SEARCH_PATHS = (
					"$(SDKROOT)/Developer/Library/Frameworks",
					"$(inherited)",
					"$(DEVELOPER_FRAMEWORKS_DIR)",
				);
				GCC_PRECOMPILE_PREFIX_HEADER = YES;
				GCC_PREFIX_HEADER = "Tests/Tests-Prefix.pch";
				GCC_PREPROCESSOR_DEFINITIONS = (
					"DEBUG=1",
					"$(inherited)",
				);
				INFOPLIST_FILE = "Tests/Tests-Info.plist";
				PRODUCT_NAME = "$(TARGET_NAME)";
				TEST_HOST = "$(BUNDLE_LOADER)";
				WRAPPER_EXTENSION = xctest;
			};
			name = Debug;
		};
		6003F5C4195388D20070C39A /* Release */ = {
			isa = XCBuildConfiguration;
			baseConfigurationReference = D734A7126ED4437880438FCD /* Pods-Tests.xcconfig */;
			buildSettings = {
				BUNDLE_LOADER = "$(BUILT_PRODUCTS_DIR)/MTCustomAppearance.app/MTCustomAppearance";
				FRAMEWORK_SEARCH_PATHS = (
					"$(SDKROOT)/Developer/Library/Frameworks",
					"$(inherited)",
					"$(DEVELOPER_FRAMEWORKS_DIR)",
				);
				GCC_PRECOMPILE_PREFIX_HEADER = YES;
				GCC_PREFIX_HEADER = "Tests/Tests-Prefix.pch";
				INFOPLIST_FILE = "Tests/Tests-Info.plist";
				PRODUCT_NAME = "$(TARGET_NAME)";
				TEST_HOST = "$(BUNDLE_LOADER)";
				WRAPPER_EXTENSION = xctest;
			};
			name = Release;
		};
/* End XCBuildConfiguration section */

/* Begin XCConfigurationList section */
		6003F585195388D10070C39A /* Build configuration list for PBXProject "MTCustomAppearance" */ = {
			isa = XCConfigurationList;
			buildConfigurations = (
				6003F5BD195388D20070C39A /* Debug */,
				6003F5BE195388D20070C39A /* Release */,
			);
			defaultConfigurationIsVisible = 0;
			defaultConfigurationName = Release;
		};
		6003F5BF195388D20070C39A /* Build configuration list for PBXNativeTarget "MTCustomAppearance" */ = {
			isa = XCConfigurationList;
			buildConfigurations = (
				6003F5C0195388D20070C39A /* Debug */,
				6003F5C1195388D20070C39A /* Release */,
			);
			defaultConfigurationIsVisible = 0;
			defaultConfigurationName = Release;
		};
		6003F5C2195388D20070C39A /* Build configuration list for PBXNativeTarget "Tests" */ = {
			isa = XCConfigurationList;
			buildConfigurations = (
				6003F5C3195388D20070C39A /* Debug */,
				6003F5C4195388D20070C39A /* Release */,
			);
			defaultConfigurationIsVisible = 0;
			defaultConfigurationName = Release;
		};
/* End XCConfigurationList section */
	};
	rootObject = 6003F582195388D10070C39A /* Project object */;
}
