PODS:
  - Expecta (0.3.2)
  - Expecta+Snapshots (1.3.2):
    - Expecta (~> 0.3)
    - FBSnapshotTestCase (= 1.6)
  - FBSnapshotTestCase (1.6)
  - MTCustomAppearance (0.1.2)
  - Specta (0.2.1)

DEPENDENCIES:
  - Expecta
  - Expecta+Snapshots
  - FBSnapshotTestCase
  - MTCustomAppearance (from `../`)
  - Specta (~> 0.2.1)

EXTERNAL SOURCES:
  MTCustomAppearance:
    :path: ../

SPEC CHECKSUMS:
  Expecta: 8c507baf13211207b1e9d0a741480600e6b4ed15
  Expecta+Snapshots: 40c5ec43b43da3bae957f14fed5dc9177d08ec8b
  FBSnapshotTestCase: 9d5fe43b29ae3a0ed8fc829477971b281038f748
  MTCustomAppearance: df1c6e276d9a417e858314aa69e3fddc5f74c724
  Specta: 15a276a6343867b426d5ed135d5aa4d04123a573

COCOAPODS: 0.33.1
